<?xml version="1.0" encoding="utf-8"?>
<Project ToolsVersion="4.0" xmlns="http://schemas.microsoft.com/developer/msbuild/2003">
  <ItemGroup>
    <Filter Include="Source Files">
      <UniqueIdentifier>{4FC737F1-C7A5-4376-A066-2A32D752A2FF}</UniqueIdentifier>
      <Extensions>cpp;c;cc;cxx;def;odl;idl;hpj;bat;asm;asmx</Extensions>
    </Filter>
    <Filter Include="Header Files">
      <UniqueIdentifier>{93995380-89BD-4b04-88EB-625FBE52EBFB}</UniqueIdentifier>
      <Extensions>h;hh;hpp;hxx;hm;inl;inc;xsd</Extensions>
    </Filter>
    <Filter Include="Resource Files">
      <UniqueIdentifier>{67DA6AB6-F800-4c08-8B7A-83BB121AAD01}</UniqueIdentifier>
      <Extensions>rc;ico;cur;bmp;dlg;rc2;rct;bin;rgs;gif;jpg;jpeg;jpe;resx;tiff;tif;png;wav;mfcribbon-ms</Extensions>
    </Filter>
  </ItemGroup>
  <ItemGroup>
    <Text Include="ReadMe.txt" />
  </ItemGroup>
  <ItemGroup>
    <ClInclude Include="targetver.h">
      <Filter>Header Files</Filter>
    </ClInclude>
    <ClInclude Include="..\utils\smallut.h">
      <Filter>Header Files</Filter>
    </ClInclude>
    <ClInclude Include="..\utils\debuglog.h">
      <Filter>Header Files</Filter>
    </ClInclude>
    <ClInclude Include="..\utils\pathut.h">
      <Filter>Header Files</Filter>
    </ClInclude>
    <ClInclude Include="..\common\conf_post.h">
      <Filter>Header Files</Filter>
    </ClInclude>
    <ClInclude Include="..\xaposix\safefcntl.h">
      <Filter>Header Files</Filter>
    </ClInclude>
    <ClInclude Include="..\xaposix\safesysstat.h">
      <Filter>Header Files</Filter>
    </ClInclude>
    <ClInclude Include="..\xaposix\safeunistd.h">
      <Filter>Header Files</Filter>
    </ClInclude>
    <ClInclude Include="..\xaposix\safewindows.h">
      <Filter>Header Files</Filter>
    </ClInclude>
    <ClInclude Include="fnmatch.h">
      <Filter>Header Files</Filter>
    </ClInclude>
    <ClInclude Include="..\common\autoconfig.h">
      <Filter>Header Files</Filter>
    </ClInclude>
    <ClInclude Include="..\internfile\mh_symlink.h">
      <Filter>Header Files</Filter>
    </ClInclude>
    <ClInclude Include="..\utils\execmd.h">
      <Filter>Header Files</Filter>
    </ClInclude>
    <ClInclude Include="strptime.h">
      <Filter>Header Files</Filter>
    </ClInclude>
    <ClInclude Include="..\utils\md5.h">
      <Filter>Header Files</Filter>
    </ClInclude>
    <ClInclude Include="..\utils\md5ut.h">
      <Filter>Header Files</Filter>
    </ClInclude>
    <ClInclude Include="..\utils\readfile.h">
      <Filter>Header Files</Filter>
    </ClInclude>
    <ClInclude Include="..\internfile\internfile.h">
      <Filter>Header Files</Filter>
    </ClInclude>
    <ClInclude Include="..\index\indexer.h">
      <Filter>Header Files</Filter>
    </ClInclude>
    <ClInclude Include="..\utils\mimeparse.h">
      <Filter>Header Files</Filter>
    </ClInclude>
    <ClInclude Include="..\index\mimetype.h">
      <Filter>Header Files</Filter>
    </ClInclude>
    <ClInclude Include="..\utils\wipedir.h">
      <Filter>Source Files</Filter>
    </ClInclude>
  </ItemGroup>
  <ItemGroup>
    <ClCompile Include="..\utils\smallut.cpp">
      <Filter>Source Files</Filter>
    </ClCompile>
    <ClCompile Include="..\utils\debuglog.cpp">
      <Filter>Source Files</Filter>
    </ClCompile>
    <ClCompile Include="..\common\cstr.cpp">
      <Filter>Source Files</Filter>
    </ClCompile>
    <ClCompile Include="..\utils\appformime.cpp">
      <Filter>Source Files</Filter>
    </ClCompile>
    <ClCompile Include="..\utils\base64.cpp">
      <Filter>Source Files</Filter>
    </ClCompile>
    <ClCompile Include="..\utils\circache.cpp">
      <Filter>Source Files</Filter>
    </ClCompile>
    <ClCompile Include="..\utils\conftree.cpp">
      <Filter>Source Files</Filter>
    </ClCompile>
    <ClCompile Include="..\utils\copyfile.cpp">
      <Filter>Source Files</Filter>
    </ClCompile>
    <ClCompile Include="..\utils\fileudi.cpp">
      <Filter>Source Files</Filter>
    </ClCompile>
    <ClCompile Include="..\utils\fstreewalk.cpp">
      <Filter>Source Files</Filter>
    </ClCompile>
    <ClCompile Include="..\utils\idfile.cpp">
      <Filter>Source Files</Filter>
    </ClCompile>
    <ClCompile Include="..\utils\md5.cpp">
      <Filter>Source Files</Filter>
    </ClCompile>
    <ClCompile Include="..\common\rclconfig.cpp">
      <Filter>Source Files</Filter>
    </ClCompile>
    <ClCompile Include="..\common\rclinit.cpp">
      <Filter>Source Files</Filter>
    </ClCompile>
    <ClCompile Include="..\common\syngroups.cpp">
      <Filter>Source Files</Filter>
    </ClCompile>
    <ClCompile Include="..\common\textsplit.cpp">
      <Filter>Source Files</Filter>
    </ClCompile>
    <ClCompile Include="..\common\unacpp.cpp">
      <Filter>Source Files</Filter>
    </ClCompile>
    <ClCompile Include="dirent.c">
      <Filter>Source Files</Filter>
    </ClCompile>
    <ClCompile Include="..\bincimapmime\convert.cc">
      <Filter>Source Files</Filter>
    </ClCompile>
    <ClCompile Include="..\bincimapmime\mime.cc">
      <Filter>Source Files</Filter>
    </ClCompile>
    <ClCompile Include="..\bincimapmime\mime-parsefull.cc">
      <Filter>Source Files</Filter>
    </ClCompile>
    <ClCompile Include="..\bincimapmime\mime-parseonlyheader.cc">
      <Filter>Source Files</Filter>
    </ClCompile>
    <ClCompile Include="..\bincimapmime\mime-printbody.cc">
      <Filter>Source Files</Filter>
    </ClCompile>
    <ClCompile Include="..\index\fetcher.cpp">
      <Filter>Source Files</Filter>
    </ClCompile>
    <ClCompile Include="..\index\fsfetcher.cpp">
      <Filter>Source Files</Filter>
    </ClCompile>
    <ClCompile Include="..\index\fsindexer.cpp">
      <Filter>Source Files</Filter>
    </ClCompile>
    <ClCompile Include="..\index\indexer.cpp">
      <Filter>Source Files</Filter>
    </ClCompile>
    <ClCompile Include="..\index\mimetype.cpp">
      <Filter>Source Files</Filter>
    </ClCompile>
    <ClCompile Include="..\index\subtreelist.cpp">
      <Filter>Source Files</Filter>
    </ClCompile>
    <ClCompile Include="..\internfile\extrameta.cpp">
      <Filter>Source Files</Filter>
    </ClCompile>
    <ClCompile Include="..\internfile\htmlparse.cpp">
      <Filter>Source Files</Filter>
    </ClCompile>
    <ClCompile Include="..\internfile\internfile.cpp">
      <Filter>Source Files</Filter>
    </ClCompile>
    <ClCompile Include="..\internfile\mh_html.cpp">
      <Filter>Source Files</Filter>
    </ClCompile>
    <ClCompile Include="..\internfile\mh_mail.cpp">
      <Filter>Source Files</Filter>
    </ClCompile>
    <ClCompile Include="..\internfile\mh_mbox.cpp">
      <Filter>Source Files</Filter>
    </ClCompile>
    <ClCompile Include="..\internfile\mh_text.cpp">
      <Filter>Source Files</Filter>
    </ClCompile>
    <ClCompile Include="..\internfile\mimehandler.cpp">
      <Filter>Source Files</Filter>
    </ClCompile>
    <ClCompile Include="..\rcldb\daterange.cpp">
      <Filter>Source Files</Filter>
    </ClCompile>
    <ClCompile Include="..\rcldb\expansiondbs.cpp">
      <Filter>Source Files</Filter>
    </ClCompile>
    <ClCompile Include="..\rcldb\rclabstract.cpp">
      <Filter>Source Files</Filter>
    </ClCompile>
    <ClCompile Include="..\rcldb\rcldb.cpp">
      <Filter>Source Files</Filter>
    </ClCompile>
    <ClCompile Include="..\rcldb\rcldoc.cpp">
      <Filter>Source Files</Filter>
    </ClCompile>
    <ClCompile Include="..\rcldb\rcldups.cpp">
      <Filter>Source Files</Filter>
    </ClCompile>
    <ClCompile Include="..\rcldb\rclquery.cpp">
      <Filter>Source Files</Filter>
    </ClCompile>
    <ClCompile Include="..\rcldb\rclterms.cpp">
      <Filter>Source Files</Filter>
    </ClCompile>
    <ClCompile Include="..\rcldb\searchdata.cpp">
      <Filter>Source Files</Filter>
    </ClCompile>
    <ClCompile Include="..\rcldb\searchdatatox.cpp">
      <Filter>Source Files</Filter>
    </ClCompile>
    <ClCompile Include="..\rcldb\searchdataxml.cpp">
      <Filter>Source Files</Filter>
    </ClCompile>
    <ClCompile Include="..\rcldb\stemdb.cpp">
      <Filter>Source Files</Filter>
    </ClCompile>
    <ClCompile Include="..\rcldb\stoplist.cpp">
      <Filter>Source Files</Filter>
    </ClCompile>
    <ClCompile Include="..\rcldb\synfamily.cpp">
      <Filter>Source Files</Filter>
    </ClCompile>
    <ClCompile Include="..\xaposix\safe.cc">
      <Filter>Source Files</Filter>
    </ClCompile>
    <ClCompile Include="..\internfile\txtdcode.cpp">
      <Filter>Source Files</Filter>
    </ClCompile>
    <ClCompile Include="..\internfile\uncomp.cpp">
      <Filter>Source Files</Filter>
    </ClCompile>
    <ClCompile Include="..\utils\pathut.cpp">
      <Filter>Source Files</Filter>
    </ClCompile>
    <ClCompile Include="..\unac\unac.cpp">
      <Filter>Source Files</Filter>
    </ClCompile>
    <ClCompile Include="..\utils\readfile.cpp">
      <Filter>Source Files</Filter>
    </ClCompile>
    <ClCompile Include="..\internfile\myhtmlparse.cpp">
      <Filter>Source Files</Filter>
    </ClCompile>
    <ClCompile Include="strptime.cpp">
      <Filter>Source Files</Filter>
    </ClCompile>
    <ClCompile Include="..\utils\md5ut.cpp">
      <Filter>Source Files</Filter>
    </ClCompile>
    <ClCompile Include="..\utils\transcode.cpp">
      <Filter>Source Files</Filter>
    </ClCompile>
    <ClCompile Include="fnmatch.c">
      <Filter>Source Files</Filter>
    </ClCompile>
    <ClCompile Include="..\utils\mimeparse.cpp">
      <Filter>Source Files</Filter>
    </ClCompile>
    <ClCompile Include="..\utils\wipedir.cpp">
      <Filter>Source Files</Filter>
    </ClCompile>
  </ItemGroup>
  <ItemGroup>
    <None Include="ClassDiagram.cd" />
  </ItemGroup>
</Project>