
Microsoft Visual Studio Solution File, Format Version 12.00
# Visual Studio 14
VisualStudioVersion = 14.0.23107.0
MinimumVisualStudioVersion = 10.0.40219.1
Project("{8BC9CEB8-8B4A-11D0-8D11-00A0C91BC942}") = "Win32ProjectRecoll", "Win32ProjectRecoll.vcxproj", "{23FF40E1-BA87-4E5F-9B22-2EB760FF403D}"
EndProject
Project("{8BC9CEB8-8B4A-11D0-8D11-00A0C91BC942}") = "recollindex", "recollindex\recollindex.vcxproj", "{A513D65F-798C-4166-B66E-49F69ADA4F59}"
	ProjectSection(ProjectDependencies) = postProject
		{23FF40E1-BA87-4E5F-9B22-2EB760FF403D} = {23FF40E1-BA87-4E5F-9B22-2EB760FF403D}
	EndProjectSection
EndProject
Project("{8BC9CEB8-8B4A-11D0-8D11-00A0C91BC942}") = "recollq", "recollq\recollq.vcxproj", "{C1D0CCD2-0015-44AC-A606-AC48BB80C133}"
	ProjectSection(ProjectDependencies) = postProject
		{23FF40E1-BA87-4E5F-9B22-2EB760FF403D} = {23FF40E1-BA87-4E5F-9B22-2EB760FF403D}
	EndProjectSection
EndProject
Global
	GlobalSection(SolutionConfigurationPlatforms) = preSolution
		Debug|x64 = Debug|x64
		Debug|x86 = Debug|x86
		Release|x64 = Release|x64
		Release|x86 = Release|x86
	EndGlobalSection
	GlobalSection(ProjectConfigurationPlatforms) = postSolution
		{23FF40E1-BA87-4E5F-9B22-2EB760FF403D}.Debug|x64.ActiveCfg = Debug|x64
		{23FF40E1-BA87-4E5F-9B22-2EB760FF403D}.Debug|x64.Build.0 = Debug|x64
		{23FF40E1-BA87-4E5F-9B22-2EB760FF403D}.Debug|x86.ActiveCfg = Debug|Win32
		{23FF40E1-BA87-4E5F-9B22-2EB760FF403D}.Debug|x86.Build.0 = Debug|Win32
		{23FF40E1-BA87-4E5F-9B22-2EB760FF403D}.Release|x64.ActiveCfg = Release|x64
		{23FF40E1-BA87-4E5F-9B22-2EB760FF403D}.Release|x64.Build.0 = Release|x64
		{23FF40E1-BA87-4E5F-9B22-2EB760FF403D}.Release|x86.ActiveCfg = Release|Win32
		{23FF40E1-BA87-4E5F-9B22-2EB760FF403D}.Release|x86.Build.0 = Release|Win32
		{A513D65F-798C-4166-B66E-49F69ADA4F59}.Debug|x64.ActiveCfg = Debug|x64
		{A513D65F-798C-4166-B66E-49F69ADA4F59}.Debug|x64.Build.0 = Debug|x64
		{A513D65F-798C-4166-B66E-49F69ADA4F59}.Debug|x86.ActiveCfg = Debug|Win32
		{A513D65F-798C-4166-B66E-49F69ADA4F59}.Debug|x86.Build.0 = Debug|Win32
		{A513D65F-798C-4166-B66E-49F69ADA4F59}.Release|x64.ActiveCfg = Release|x64
		{A513D65F-798C-4166-B66E-49F69ADA4F59}.Release|x64.Build.0 = Release|x64
		{A513D65F-798C-4166-B66E-49F69ADA4F59}.Release|x86.ActiveCfg = Release|Win32
		{A513D65F-798C-4166-B66E-49F69ADA4F59}.Release|x86.Build.0 = Release|Win32
		{C1D0CCD2-0015-44AC-A606-AC48BB80C133}.Debug|x64.ActiveCfg = Debug|x64
		{C1D0CCD2-0015-44AC-A606-AC48BB80C133}.Debug|x64.Build.0 = Debug|x64
		{C1D0CCD2-0015-44AC-A606-AC48BB80C133}.Debug|x86.ActiveCfg = Debug|Win32
		{C1D0CCD2-0015-44AC-A606-AC48BB80C133}.Debug|x86.Build.0 = Debug|Win32
		{C1D0CCD2-0015-44AC-A606-AC48BB80C133}.Release|x64.ActiveCfg = Release|x64
		{C1D0CCD2-0015-44AC-A606-AC48BB80C133}.Release|x64.Build.0 = Release|x64
		{C1D0CCD2-0015-44AC-A606-AC48BB80C133}.Release|x86.ActiveCfg = Release|Win32
		{C1D0CCD2-0015-44AC-A606-AC48BB80C133}.Release|x86.Build.0 = Release|Win32
	EndGlobalSection
	GlobalSection(SolutionProperties) = preSolution
		HideSolutionNode = FALSE
	EndGlobalSection
EndGlobal
